{
  "name": "career-next",
  "version": "0.0.0",
  "lockfileVersion": 3,
  "requires": true,
  "packages": {
    "": {
      "name": "career-next",
      "version": "0.0.0",
      "workspaces": [
        "apps/desktop",
        "packages/contracts",
        "packages/backend",
        "packages/frontend"
      ]
    },
    "apps/desktop": {
      "name": "@career/desktop",
      "version": "0.0.0"
    },
    "node_modules/@career/backend": {
      "resolved": "packages/backend",
      "link": true
    },
    "node_modules/@career/contracts": {
      "resolved": "packages/contracts",
      "link": true
    },
    "node_modules/@career/desktop": {
      "resolved": "apps/desktop",
      "link": true
    },
    "node_modules/@career/frontend": {
      "resolved": "packages/frontend",
      "link": true
    },
    "packages/backend": {
      "name": "@career/backend",
      "version": "0.0.0"
    },
    "packages/contracts": {
      "name": "@career/contracts",
      "version": "0.0.0"
    },
    "packages/frontend": {
      "name": "@career/frontend",
      "version": "0.0.0"
    }
  }
}
